
Microsoft Visual Studio Solution File, Format Version 12.00
# Visual Studio 15
VisualStudioVersion = 15.0.27703.2018
MinimumVisualStudioVersion = 10.0.40219.1
Project("{9A19103F-16F7-4668-BE54-9A1E7A4F7556}") = "TestPage", "TestPage\TestPage.csproj", "{D4BB304C-196A-4897-AEE0-2E37191EB013}"
EndProject
Project("{FAE04EC0-301F-11D3-BF4B-00C04F79EFBC}") = "OA.Data", "OA.Data\OA.Data.csproj", "{0F76AFC6-ADFE-43FA-99EC-A5D5F8C313C2}"
EndProject
Project("{FAE04EC0-301F-11D3-BF4B-00C04F79EFBC}") = "OA.Repo", "OA.Repo\OA.Repo.csproj", "{474FE65B-9227-4B18-9544-F562474F7E0A}"
EndProject
Project("{FAE04EC0-301F-11D3-BF4B-00C04F79EFBC}") = "OA.Service", "OA.Service\OA.Service.csproj", "{C429481D-7A62-4A3C-AD87-75B0A6AF9201}"
EndProject
Global
	GlobalSection(SolutionConfigurationPlatforms) = preSolution
		Debug|Any CPU = Debug|Any CPU
		Release|Any CPU = Release|Any CPU
	EndGlobalSection
	GlobalSection(ProjectConfigurationPlatforms) = postSolution
		{D4BB304C-196A-4897-AEE0-2E37191EB013}.Debug|Any CPU.ActiveCfg = Debug|Any CPU
		{D4BB304C-196A-4897-AEE0-2E37191EB013}.Debug|Any CPU.Build.0 = Debug|Any CPU
		{D4BB304C-196A-4897-AEE0-2E37191EB013}.Release|Any CPU.ActiveCfg = Release|Any CPU
		{D4BB304C-196A-4897-AEE0-2E37191EB013}.Release|Any CPU.Build.0 = Release|Any CPU
		{0F76AFC6-ADFE-43FA-99EC-A5D5F8C313C2}.Debug|Any CPU.ActiveCfg = Debug|Any CPU
		{0F76AFC6-ADFE-43FA-99EC-A5D5F8C313C2}.Debug|Any CPU.Build.0 = Debug|Any CPU
		{0F76AFC6-ADFE-43FA-99EC-A5D5F8C313C2}.Release|Any CPU.ActiveCfg = Release|Any CPU
		{0F76AFC6-ADFE-43FA-99EC-A5D5F8C313C2}.Release|Any CPU.Build.0 = Release|Any CPU
		{474FE65B-9227-4B18-9544-F562474F7E0A}.Debug|Any CPU.ActiveCfg = Debug|Any CPU
		{474FE65B-9227-4B18-9544-F562474F7E0A}.Debug|Any CPU.Build.0 = Debug|Any CPU
		{474FE65B-9227-4B18-9544-F562474F7E0A}.Release|Any CPU.ActiveCfg = Release|Any CPU
		{474FE65B-9227-4B18-9544-F562474F7E0A}.Release|Any CPU.Build.0 = Release|Any CPU
		{C429481D-7A62-4A3C-AD87-75B0A6AF9201}.Debug|Any CPU.ActiveCfg = Debug|Any CPU
		{C429481D-7A62-4A3C-AD87-75B0A6AF9201}.Debug|Any CPU.Build.0 = Debug|Any CPU
		{C429481D-7A62-4A3C-AD87-75B0A6AF9201}.Release|Any CPU.ActiveCfg = Release|Any CPU
		{C429481D-7A62-4A3C-AD87-75B0A6AF9201}.Release|Any CPU.Build.0 = Release|Any CPU
	EndGlobalSection
	GlobalSection(SolutionProperties) = preSolution
		HideSolutionNode = FALSE
	EndGlobalSection
	GlobalSection(ExtensibilityGlobals) = postSolution
		SolutionGuid = {601E4876-89A7-47C1-A093-8BA2AA60F049}
	EndGlobalSection
EndGlobal
